// !$*UTF8*$!
{
	archiveVersion = 1;
	classes = {
	};
	objectVersion = 50;
	objects = {

/* Begin PBXBuildFile section */
		A32740A522E1047800DAC82D /* WatchedFolderSettingsView.swift in Sources */ = {isa = PBXBuildFile; fileRef = A32740A422E1047800DAC82D /* WatchedFolderSettingsView.swift */; };
		A32740A722E1052F00DAC82D /* PathControlView.swift in Sources */ = {isa = PBXBuildFile; fileRef = A32740A622E1052F00DAC82D /* PathControlView.swift */; };
		A32740A922E1068700DAC82D /* Checkbox.swift in Sources */ = {isa = PBXBuildFile; fileRef = A32740A822E1068700DAC82D /* Checkbox.swift */; };
		A3709FD222DFE5670097FFAD /* AppDelegate.swift in Sources */ = {isa = PBXBuildFile; fileRef = A3709FD122DFE5670097FFAD /* AppDelegate.swift */; };
		A3709FD422DFE5670097FFAD /* ContentView.swift in Sources */ = {isa = PBXBuildFile; fileRef = A3709FD322DFE5670097FFAD /* ContentView.swift */; };
		A3709FD622DFE5690097FFAD /* Assets.xcassets in Resources */ = {isa = PBXBuildFile; fileRef = A3709FD522DFE5690097FFAD /* Assets.xcassets */; };
		A3709FD922DFE5690097FFAD /* Preview Assets.xcassets in Resources */ = {isa = PBXBuildFile; fileRef = A3709FD822DFE5690097FFAD /* Preview Assets.xcassets */; };
		A3709FDC22DFE5690097FFAD /* Main.storyboard in Resources */ = {isa = PBXBuildFile; fileRef = A3709FDA22DFE5690097FFAD /* Main.storyboard */; };
		A3709FE822DFE5690097FFAD /* JanitorTests.swift in Sources */ = {isa = PBXBuildFile; fileRef = A3709FE722DFE5690097FFAD /* JanitorTests.swift */; };
		A3709FF322DFE5690097FFAD /* JanitorUITests.swift in Sources */ = {isa = PBXBuildFile; fileRef = A3709FF222DFE5690097FFAD /* JanitorUITests.swift */; };
		A370A00722DFE6800097FFAD /* FinderSync.swift in Sources */ = {isa = PBXBuildFile; fileRef = A370A00622DFE6800097FFAD /* FinderSync.swift */; };
		A370A00C22DFE6800097FFAD /* Janitor Finder Extensions.appex in Embed App Extensions */ = {isa = PBXBuildFile; fileRef = A370A00422DFE6800097FFAD /* Janitor Finder Extensions.appex */; settings = {ATTRIBUTES = (RemoveHeadersOnCopy, ); }; };
		A370A04F22DFE79F0097FFAD /* JanitorKit.framework in Frameworks */ = {isa = PBXBuildFile; fileRef = A370A04E22DFE79F0097FFAD /* JanitorKit.framework */; };
		A370A05022DFE79F0097FFAD /* JanitorKit.framework in Embed Frameworks */ = {isa = PBXBuildFile; fileRef = A370A04E22DFE79F0097FFAD /* JanitorKit.framework */; settings = {ATTRIBUTES = (CodeSignOnCopy, RemoveHeadersOnCopy, ); }; };
		A3739E1F22EA4765002E7B49 /* OpenPanel.swift in Sources */ = {isa = PBXBuildFile; fileRef = A3739E1E22EA4765002E7B49 /* OpenPanel.swift */; };
		A3739E2322EA5FAA002E7B49 /* SelectFileControl.swift in Sources */ = {isa = PBXBuildFile; fileRef = A3739E2222EA5FAA002E7B49 /* SelectFileControl.swift */; };
		A39E571A22EAAB4600B416C4 /* MeasurementPicker.swift in Sources */ = {isa = PBXBuildFile; fileRef = A39E571922EAAB4600B416C4 /* MeasurementPicker.swift */; };
		A3D4791822E1A0C700F83308 /* NewWatchedFolderSetupView.swift in Sources */ = {isa = PBXBuildFile; fileRef = A3D4791722E1A0C700F83308 /* NewWatchedFolderSetupView.swift */; };
		A3E5487722E03D1500FE7565 /* Image Constants.swift in Sources */ = {isa = PBXBuildFile; fileRef = A3E5487622E03D1500FE7565 /* Image Constants.swift */; };
		A3F3784522E18BC100642A90 /* AllWatchedFoldersSettingsView.swift in Sources */ = {isa = PBXBuildFile; fileRef = A3F3784422E18BC100642A90 /* AllWatchedFoldersSettingsView.swift */; };
		A3F3784C22E1990100642A90 /* Color Constants.swift in Sources */ = {isa = PBXBuildFile; fileRef = A3F3784B22E1990100642A90 /* Color Constants.swift */; };
/* End PBXBuildFile section */

/* Begin PBXContainerItemProxy section */
		A3709FE422DFE5690097FFAD /* PBXContainerItemProxy */ = {
			isa = PBXContainerItemProxy;
			containerPortal = A3709FC622DFE5660097FFAD /* Project object */;
			proxyType = 1;
			remoteGlobalIDString = A3709FCD22DFE5660097FFAD;
			remoteInfo = Janitor;
		};
		A3709FEF22DFE5690097FFAD /* PBXContainerItemProxy */ = {
			isa = PBXContainerItemProxy;
			containerPortal = A3709FC622DFE5660097FFAD /* Project object */;
			proxyType = 1;
			remoteGlobalIDString = A3709FCD22DFE5660097FFAD;
			remoteInfo = Janitor;
		};
		A370A00A22DFE6800097FFAD /* PBXContainerItemProxy */ = {
			isa = PBXContainerItemProxy;
			containerPortal = A3709FC622DFE5660097FFAD /* Project object */;
			proxyType = 1;
			remoteGlobalIDString = A370A00322DFE6800097FFAD;
			remoteInfo = "Janitor Finder Extensions";
		};
/* End PBXContainerItemProxy section */

/* Begin PBXCopyFilesBuildPhase section */
		A370A01022DFE6800097FFAD /* Embed App Extensions */ = {
			isa = PBXCopyFilesBuildPhase;
			buildActionMask = 2147483647;
			dstPath = "";
			dstSubfolderSpec = 13;
			files = (
				A370A00C22DFE6800097FFAD /* Janitor Finder Extensions.appex in Embed App Extensions */,
			);
			name = "Embed App Extensions";
			runOnlyForDeploymentPostprocessing = 0;
		};
		A370A05122DFE79F0097FFAD /* Embed Frameworks */ = {
			isa = PBXCopyFilesBuildPhase;
			buildActionMask = 2147483647;
			dstPath = "";
			dstSubfolderSpec = 10;
			files = (
				A370A05022DFE79F0097FFAD /* JanitorKit.framework in Embed Frameworks */,
			);
			name = "Embed Frameworks";
			runOnlyForDeploymentPostprocessing = 0;
		};
/* End PBXCopyFilesBuildPhase section */

/* Begin PBXFileReference section */
		A32740A422E1047800DAC82D /* WatchedFolderSettingsView.swift */ = {isa = PBXFileReference; lastKnownFileType = sourcecode.swift; path = WatchedFolderSettingsView.swift; sourceTree = "<group>"; };
		A32740A622E1052F00DAC82D /* PathControlView.swift */ = {isa = PBXFileReference; lastKnownFileType = sourcecode.swift; path = PathControlView.swift; sourceTree = "<group>"; };
		A32740A822E1068700DAC82D /* Checkbox.swift */ = {isa = PBXFileReference; lastKnownFileType = sourcecode.swift; path = Checkbox.swift; sourceTree = "<group>"; };
		A3709FCE22DFE5670097FFAD /* Janitor.app */ = {isa = PBXFileReference; explicitFileType = wrapper.application; includeInIndex = 0; path = Janitor.app; sourceTree = BUILT_PRODUCTS_DIR; };
		A3709FD122DFE5670097FFAD /* AppDelegate.swift */ = {isa = PBXFileReference; lastKnownFileType = sourcecode.swift; path = AppDelegate.swift; sourceTree = "<group>"; };
		A3709FD322DFE5670097FFAD /* ContentView.swift */ = {isa = PBXFileReference; lastKnownFileType = sourcecode.swift; path = ContentView.swift; sourceTree = "<group>"; };
		A3709FD522DFE5690097FFAD /* Assets.xcassets */ = {isa = PBXFileReference; lastKnownFileType = folder.assetcatalog; path = Assets.xcassets; sourceTree = "<group>"; };
		A3709FD822DFE5690097FFAD /* Preview Assets.xcassets */ = {isa = PBXFileReference; lastKnownFileType = folder.assetcatalog; path = "Preview Assets.xcassets"; sourceTree = "<group>"; };
		A3709FDB22DFE5690097FFAD /* Base */ = {isa = PBXFileReference; lastKnownFileType = file.storyboard; name = Base; path = Base.lproj/Main.storyboard; sourceTree = "<group>"; };
		A3709FDD22DFE5690097FFAD /* Info.plist */ = {isa = PBXFileReference; lastKnownFileType = text.plist.xml; path = Info.plist; sourceTree = "<group>"; };
		A3709FDE22DFE5690097FFAD /* Janitor.entitlements */ = {isa = PBXFileReference; lastKnownFileType = text.plist.entitlements; path = Janitor.entitlements; sourceTree = "<group>"; };
		A3709FE322DFE5690097FFAD /* JanitorTests.xctest */ = {isa = PBXFileReference; explicitFileType = wrapper.cfbundle; includeInIndex = 0; path = JanitorTests.xctest; sourceTree = BUILT_PRODUCTS_DIR; };
		A3709FE722DFE5690097FFAD /* JanitorTests.swift */ = {isa = PBXFileReference; lastKnownFileType = sourcecode.swift; path = JanitorTests.swift; sourceTree = "<group>"; };
		A3709FE922DFE5690097FFAD /* Info.plist */ = {isa = PBXFileReference; lastKnownFileType = text.plist.xml; path = Info.plist; sourceTree = "<group>"; };
		A3709FEE22DFE5690097FFAD /* JanitorUITests.xctest */ = {isa = PBXFileReference; explicitFileType = wrapper.cfbundle; includeInIndex = 0; path = JanitorUITests.xctest; sourceTree = BUILT_PRODUCTS_DIR; };
		A3709FF222DFE5690097FFAD /* JanitorUITests.swift */ = {isa = PBXFileReference; lastKnownFileType = sourcecode.swift; path = JanitorUITests.swift; sourceTree = "<group>"; };
		A3709FF422DFE5690097FFAD /* Info.plist */ = {isa = PBXFileReference; lastKnownFileType = text.plist.xml; path = Info.plist; sourceTree = "<group>"; };
		A370A00422DFE6800097FFAD /* Janitor Finder Extensions.appex */ = {isa = PBXFileReference; explicitFileType = "wrapper.app-extension"; includeInIndex = 0; path = "Janitor Finder Extensions.appex"; sourceTree = BUILT_PRODUCTS_DIR; };
		A370A00622DFE6800097FFAD /* FinderSync.swift */ = {isa = PBXFileReference; lastKnownFileType = sourcecode.swift; path = FinderSync.swift; sourceTree = "<group>"; };
		A370A00822DFE6800097FFAD /* Info.plist */ = {isa = PBXFileReference; lastKnownFileType = text.plist.xml; path = Info.plist; sourceTree = "<group>"; };
		A370A00922DFE6800097FFAD /* Janitor_Finder_Extensions.entitlements */ = {isa = PBXFileReference; lastKnownFileType = text.plist.entitlements; path = Janitor_Finder_Extensions.entitlements; sourceTree = "<group>"; };
		A370A04E22DFE79F0097FFAD /* JanitorKit.framework */ = {isa = PBXFileReference; explicitFileType = wrapper.framework; path = JanitorKit.framework; sourceTree = BUILT_PRODUCTS_DIR; };
		A3739E1E22EA4765002E7B49 /* OpenPanel.swift */ = {isa = PBXFileReference; lastKnownFileType = sourcecode.swift; path = OpenPanel.swift; sourceTree = "<group>"; };
		A3739E2222EA5FAA002E7B49 /* SelectFileControl.swift */ = {isa = PBXFileReference; lastKnownFileType = sourcecode.swift; path = SelectFileControl.swift; sourceTree = "<group>"; };
		A39E571922EAAB4600B416C4 /* MeasurementPicker.swift */ = {isa = PBXFileReference; lastKnownFileType = sourcecode.swift; path = MeasurementPicker.swift; sourceTree = "<group>"; };
		A3D4791722E1A0C700F83308 /* NewWatchedFolderSetupView.swift */ = {isa = PBXFileReference; lastKnownFileType = sourcecode.swift; path = NewWatchedFolderSetupView.swift; sourceTree = "<group>"; };
		A3E5487622E03D1500FE7565 /* Image Constants.swift */ = {isa = PBXFileReference; lastKnownFileType = sourcecode.swift; path = "Image Constants.swift"; sourceTree = "<group>"; };
		A3F3784422E18BC100642A90 /* AllWatchedFoldersSettingsView.swift */ = {isa = PBXFileReference; lastKnownFileType = sourcecode.swift; path = AllWatchedFoldersSettingsView.swift; sourceTree = "<group>"; };
		A3F3784B22E1990100642A90 /* Color Constants.swift */ = {isa = PBXFileReference; lastKnownFileType = sourcecode.swift; path = "Color Constants.swift"; sourceTree = "<group>"; };
/* End PBXFileReference section */

/* Begin PBXFrameworksBuildPhase section */
		A3709FCB22DFE5660097FFAD /* Frameworks */ = {
			isa = PBXFrameworksBuildPhase;
			buildActionMask = 2147483647;
			files = (
				A370A04F22DFE79F0097FFAD /* JanitorKit.framework in Frameworks */,
			);
			runOnlyForDeploymentPostprocessing = 0;
		};
		A3709FE022DFE5690097FFAD /* Frameworks */ = {
			isa = PBXFrameworksBuildPhase;
			buildActionMask = 2147483647;
			files = (
			);
			runOnlyForDeploymentPostprocessing = 0;
		};
		A3709FEB22DFE5690097FFAD /* Frameworks */ = {
			isa = PBXFrameworksBuildPhase;
			buildActionMask = 2147483647;
			files = (
			);
			runOnlyForDeploymentPostprocessing = 0;
		};
		A370A00122DFE6800097FFAD /* Frameworks */ = {
			isa = PBXFrameworksBuildPhase;
			buildActionMask = 2147483647;
			files = (
			);
			runOnlyForDeploymentPostprocessing = 0;
		};
/* End PBXFrameworksBuildPhase section */

/* Begin PBXGroup section */
		A32740A322E1045C00DAC82D /* Views */ = {
			isa = PBXGroup;
			children = (
				A3739E1D22EA46EE002E7B49 /* AppKit Bridges */,
				A3F3784422E18BC100642A90 /* AllWatchedFoldersSettingsView.swift */,
				A3D4791722E1A0C700F83308 /* NewWatchedFolderSetupView.swift */,
				A39E571922EAAB4600B416C4 /* MeasurementPicker.swift */,
				A3739E2222EA5FAA002E7B49 /* SelectFileControl.swift */,
				A32740A422E1047800DAC82D /* WatchedFolderSettingsView.swift */,
			);
			path = Views;
			sourceTree = "<group>";
		};
		A3709FC522DFE5660097FFAD = {
			isa = PBXGroup;
			children = (
				A3709FD022DFE5670097FFAD /* Janitor */,
				A3709FE622DFE5690097FFAD /* JanitorTests */,
				A3709FF122DFE5690097FFAD /* JanitorUITests */,
				A370A00522DFE6800097FFAD /* Janitor Finder Extensions */,
				A3709FCF22DFE5670097FFAD /* Products */,
				A370A04D22DFE79F0097FFAD /* Frameworks */,
			);
			sourceTree = "<group>";
		};
		A3709FCF22DFE5670097FFAD /* Products */ = {
			isa = PBXGroup;
			children = (
				A3709FCE22DFE5670097FFAD /* Janitor.app */,
				A3709FE322DFE5690097FFAD /* JanitorTests.xctest */,
				A3709FEE22DFE5690097FFAD /* JanitorUITests.xctest */,
				A370A00422DFE6800097FFAD /* Janitor Finder Extensions.appex */,
			);
			name = Products;
			sourceTree = "<group>";
		};
		A3709FD022DFE5670097FFAD /* Janitor */ = {
			isa = PBXGroup;
			children = (
				A3F3784622E198DF00642A90 /* Constants */,
				A32740A322E1045C00DAC82D /* Views */,
				A3709FD122DFE5670097FFAD /* AppDelegate.swift */,
				A3709FD322DFE5670097FFAD /* ContentView.swift */,
				A3709FD522DFE5690097FFAD /* Assets.xcassets */,
				A3709FDA22DFE5690097FFAD /* Main.storyboard */,
				A3709FDD22DFE5690097FFAD /* Info.plist */,
				A3709FDE22DFE5690097FFAD /* Janitor.entitlements */,
				A3709FD722DFE5690097FFAD /* Preview Content */,
			);
			name = Janitor;
			path = "../../../../../../../../System/Volumes/Data/Users/benleggiero/Google Drive/Libraries/Projects/From Me/Janitor/Janitor/Janitor";
			sourceTree = "<group>";
		};
		A3709FD722DFE5690097FFAD /* Preview Content */ = {
			isa = PBXGroup;
			children = (
				A3709FD822DFE5690097FFAD /* Preview Assets.xcassets */,
			);
			path = "Preview Content";
			sourceTree = "<group>";
		};
		A3709FE622DFE5690097FFAD /* JanitorTests */ = {
			isa = PBXGroup;
			children = (
				A3709FE722DFE5690097FFAD /* JanitorTests.swift */,
				A3709FE922DFE5690097FFAD /* Info.plist */,
			);
			path = JanitorTests;
			sourceTree = "<group>";
		};
		A3709FF122DFE5690097FFAD /* JanitorUITests */ = {
			isa = PBXGroup;
			children = (
				A3709FF222DFE5690097FFAD /* JanitorUITests.swift */,
				A3709FF422DFE5690097FFAD /* Info.plist */,
			);
			path = JanitorUITests;
			sourceTree = "<group>";
		};
		A370A00522DFE6800097FFAD /* Janitor Finder Extensions */ = {
			isa = PBXGroup;
			children = (
				A370A00622DFE6800097FFAD /* FinderSync.swift */,
				A370A00822DFE6800097FFAD /* Info.plist */,
				A370A00922DFE6800097FFAD /* Janitor_Finder_Extensions.entitlements */,
			);
			path = "Janitor Finder Extensions";
			sourceTree = "<group>";
		};
		A370A04D22DFE79F0097FFAD /* Frameworks */ = {
			isa = PBXGroup;
			children = (
				A370A04E22DFE79F0097FFAD /* JanitorKit.framework */,
			);
			name = Frameworks;
			sourceTree = "<group>";
		};
		A3739E1D22EA46EE002E7B49 /* AppKit Bridges */ = {
			isa = PBXGroup;
			children = (
				A32740A822E1068700DAC82D /* Checkbox.swift */,
				A3739E1E22EA4765002E7B49 /* OpenPanel.swift */,
				A32740A622E1052F00DAC82D /* PathControlView.swift */,
			);
			path = "AppKit Bridges";
			sourceTree = "<group>";
		};
		A3F3784622E198DF00642A90 /* Constants */ = {
			isa = PBXGroup;
			children = (
				A3E5487622E03D1500FE7565 /* Image Constants.swift */,
				A3F3784B22E1990100642A90 /* Color Constants.swift */,
			);
			path = Constants;
			sourceTree = "<group>";
		};
/* End PBXGroup section */

/* Begin PBXNativeTarget section */
		A3709FCD22DFE5660097FFAD /* Janitor */ = {
			isa = PBXNativeTarget;
			buildConfigurationList = A3709FF722DFE5690097FFAD /* Build configuration list for PBXNativeTarget "Janitor" */;
			buildPhases = (
				A3709FCA22DFE5660097FFAD /* Sources */,
				A3709FCB22DFE5660097FFAD /* Frameworks */,
				A3709FCC22DFE5660097FFAD /* Resources */,
				A370A01022DFE6800097FFAD /* Embed App Extensions */,
				A370A05122DFE79F0097FFAD /* Embed Frameworks */,
			);
			buildRules = (
			);
			dependencies = (
				A370A00B22DFE6800097FFAD /* PBXTargetDependency */,
			);
			name = Janitor;
			productName = Janitor;
			productReference = A3709FCE22DFE5670097FFAD /* Janitor.app */;
			productType = "com.apple.product-type.application";
		};
		A3709FE222DFE5690097FFAD /* JanitorTests */ = {
			isa = PBXNativeTarget;
			buildConfigurationList = A3709FFA22DFE5690097FFAD /* Build configuration list for PBXNativeTarget "JanitorTests" */;
			buildPhases = (
				A3709FDF22DFE5690097FFAD /* Sources */,
				A3709FE022DFE5690097FFAD /* Frameworks */,
				A3709FE122DFE5690097FFAD /* Resources */,
			);
			buildRules = (
			);
			dependencies = (
				A3709FE522DFE5690097FFAD /* PBXTargetDependency */,
			);
			name = JanitorTests;
			productName = JanitorTests;
			productReference = A3709FE322DFE5690097FFAD /* JanitorTests.xctest */;
			productType = "com.apple.product-type.bundle.unit-test";
		};
		A3709FED22DFE5690097FFAD /* JanitorUITests */ = {
			isa = PBXNativeTarget;
			buildConfigurationList = A3709FFD22DFE5690097FFAD /* Build configuration list for PBXNativeTarget "JanitorUITests" */;
			buildPhases = (
				A3709FEA22DFE5690097FFAD /* Sources */,
				A3709FEB22DFE5690097FFAD /* Frameworks */,
				A3709FEC22DFE5690097FFAD /* Resources */,
			);
			buildRules = (
			);
			dependencies = (
				A3709FF022DFE5690097FFAD /* PBXTargetDependency */,
			);
			name = JanitorUITests;
			productName = JanitorUITests;
			productReference = A3709FEE22DFE5690097FFAD /* JanitorUITests.xctest */;
			productType = "com.apple.product-type.bundle.ui-testing";
		};
		A370A00322DFE6800097FFAD /* Janitor Finder Extensions */ = {
			isa = PBXNativeTarget;
			buildConfigurationList = A370A00D22DFE6800097FFAD /* Build configuration list for PBXNativeTarget "Janitor Finder Extensions" */;
			buildPhases = (
				A370A00022DFE6800097FFAD /* Sources */,
				A370A00122DFE6800097FFAD /* Frameworks */,
				A370A00222DFE6800097FFAD /* Resources */,
			);
			buildRules = (
			);
			dependencies = (
			);
			name = "Janitor Finder Extensions";
			productName = "Janitor Finder Extensions";
			productReference = A370A00422DFE6800097FFAD /* Janitor Finder Extensions.appex */;
			productType = "com.apple.product-type.app-extension";
		};
/* End PBXNativeTarget section */

/* Begin PBXProject section */
		A3709FC622DFE5660097FFAD /* Project object */ = {
			isa = PBXProject;
			attributes = {
				LastSwiftUpdateCheck = 1100;
				LastUpgradeCheck = 1100;
				ORGANIZATIONNAME = "Ben Leggiero";
				TargetAttributes = {
					A3709FCD22DFE5660097FFAD = {
						CreatedOnToolsVersion = 11.0;
					};
					A3709FE222DFE5690097FFAD = {
						CreatedOnToolsVersion = 11.0;
						TestTargetID = A3709FCD22DFE5660097FFAD;
					};
					A3709FED22DFE5690097FFAD = {
						CreatedOnToolsVersion = 11.0;
						TestTargetID = A3709FCD22DFE5660097FFAD;
					};
					A370A00322DFE6800097FFAD = {
						CreatedOnToolsVersion = 11.0;
					};
				};
			};
			buildConfigurationList = A3709FC922DFE5660097FFAD /* Build configuration list for PBXProject "Janitor" */;
			compatibilityVersion = "Xcode 9.3";
			developmentRegion = en;
			hasScannedForEncodings = 0;
			knownRegions = (
				en,
				Base,
			);
			mainGroup = A3709FC522DFE5660097FFAD;
			productRefGroup = A3709FCF22DFE5670097FFAD /* Products */;
			projectDirPath = "";
			projectRoot = "";
			targets = (
				A3709FCD22DFE5660097FFAD /* Janitor */,
				A3709FE222DFE5690097FFAD /* JanitorTests */,
				A3709FED22DFE5690097FFAD /* JanitorUITests */,
				A370A00322DFE6800097FFAD /* Janitor Finder Extensions */,
			);
		};
/* End PBXProject section */

/* Begin PBXResourcesBuildPhase section */
		A3709FCC22DFE5660097FFAD /* Resources */ = {
			isa = PBXResourcesBuildPhase;
			buildActionMask = 2147483647;
			files = (
				A3709FDC22DFE5690097FFAD /* Main.storyboard in Resources */,
				A3709FD922DFE5690097FFAD /* Preview Assets.xcassets in Resources */,
				A3709FD622DFE5690097FFAD /* Assets.xcassets in Resources */,
			);
			runOnlyForDeploymentPostprocessing = 0;
		};
		A3709FE122DFE5690097FFAD /* Resources */ = {
			isa = PBXResourcesBuildPhase;
			buildActionMask = 2147483647;
			files = (
			);
			runOnlyForDeploymentPostprocessing = 0;
		};
		A3709FEC22DFE5690097FFAD /* Resources */ = {
			isa = PBXResourcesBuildPhase;
			buildActionMask = 2147483647;
			files = (
			);
			runOnlyForDeploymentPostprocessing = 0;
		};
		A370A00222DFE6800097FFAD /* Resources */ = {
			isa = PBXResourcesBuildPhase;
			buildActionMask = 2147483647;
			files = (
			);
			runOnlyForDeploymentPostprocessing = 0;
		};
/* End PBXResourcesBuildPhase section */

/* Begin PBXSourcesBuildPhase section */
		A3709FCA22DFE5660097FFAD /* Sources */ = {
			isa = PBXSourcesBuildPhase;
			buildActionMask = 2147483647;
			files = (
				A3E5487722E03D1500FE7565 /* Image Constants.swift in Sources */,
				A3709FD422DFE5670097FFAD /* ContentView.swift in Sources */,
				A32740A922E1068700DAC82D /* Checkbox.swift in Sources */,
				A3739E2322EA5FAA002E7B49 /* SelectFileControl.swift in Sources */,
				A32740A522E1047800DAC82D /* WatchedFolderSettingsView.swift in Sources */,
				A39E571A22EAAB4600B416C4 /* MeasurementPicker.swift in Sources */,
				A3D4791822E1A0C700F83308 /* NewWatchedFolderSetupView.swift in Sources */,
				A3F3784C22E1990100642A90 /* Color Constants.swift in Sources */,
				A3F3784522E18BC100642A90 /* AllWatchedFoldersSettingsView.swift in Sources */,
				A3739E1F22EA4765002E7B49 /* OpenPanel.swift in Sources */,
				A32740A722E1052F00DAC82D /* PathControlView.swift in Sources */,
				A3709FD222DFE5670097FFAD /* AppDelegate.swift in Sources */,
			);
			runOnlyForDeploymentPostprocessing = 0;
		};
		A3709FDF22DFE5690097FFAD /* Sources */ = {
			isa = PBXSourcesBuildPhase;
			buildActionMask = 2147483647;
			files = (
				A3709FE822DFE5690097FFAD /* JanitorTests.swift in Sources */,
			);
			runOnlyForDeploymentPostprocessing = 0;
		};
		A3709FEA22DFE5690097FFAD /* Sources */ = {
			isa = PBXSourcesBuildPhase;
			buildActionMask = 2147483647;
			files = (
				A3709FF322DFE5690097FFAD /* JanitorUITests.swift in Sources */,
			);
			runOnlyForDeploymentPostprocessing = 0;
		};
		A370A00022DFE6800097FFAD /* Sources */ = {
			isa = PBXSourcesBuildPhase;
			buildActionMask = 2147483647;
			files = (
				A370A00722DFE6800097FFAD /* FinderSync.swift in Sources */,
			);
			runOnlyForDeploymentPostprocessing = 0;
		};
/* End PBXSourcesBuildPhase section */

/* Begin PBXTargetDependency section */
		A3709FE522DFE5690097FFAD /* PBXTargetDependency */ = {
			isa = PBXTargetDependency;
			target = A3709FCD22DFE5660097FFAD /* Janitor */;
			targetProxy = A3709FE422DFE5690097FFAD /* PBXContainerItemProxy */;
		};
		A3709FF022DFE5690097FFAD /* PBXTargetDependency */ = {
			isa = PBXTargetDependency;
			target = A3709FCD22DFE5660097FFAD /* Janitor */;
			targetProxy = A3709FEF22DFE5690097FFAD /* PBXContainerItemProxy */;
		};
		A370A00B22DFE6800097FFAD /* PBXTargetDependency */ = {
			isa = PBXTargetDependency;
			target = A370A00322DFE6800097FFAD /* Janitor Finder Extensions */;
			targetProxy = A370A00A22DFE6800097FFAD /* PBXContainerItemProxy */;
		};
/* End PBXTargetDependency section */

/* Begin PBXVariantGroup section */
		A3709FDA22DFE5690097FFAD /* Main.storyboard */ = {
			isa = PBXVariantGroup;
			children = (
				A3709FDB22DFE5690097FFAD /* Base */,
			);
			name = Main.storyboard;
			sourceTree = "<group>";
		};
/* End PBXVariantGroup section */

/* Begin XCBuildConfiguration section */
		A3709FF522DFE5690097FFAD /* Debug */ = {
			isa = XCBuildConfiguration;
			buildSettings = {
				ALWAYS_SEARCH_USER_PATHS = NO;
				CLANG_ANALYZER_NONNULL = YES;
				CLANG_ANALYZER_NUMBER_OBJECT_CONVERSION = YES_AGGRESSIVE;
				CLANG_CXX_LANGUAGE_STANDARD = "gnu++14";
				CLANG_CXX_LIBRARY = "libc++";
				CLANG_ENABLE_MODULES = YES;
				CLANG_ENABLE_OBJC_ARC = YES;
				CLANG_ENABLE_OBJC_WEAK = YES;
				CLANG_WARN_BLOCK_CAPTURE_AUTORELEASING = YES;
				CLANG_WARN_BOOL_CONVERSION = YES;
				CLANG_WARN_COMMA = YES;
				CLANG_WARN_CONSTANT_CONVERSION = YES;
				CLANG_WARN_DEPRECATED_OBJC_IMPLEMENTATIONS = YES;
				CLANG_WARN_DIRECT_OBJC_ISA_USAGE = YES_ERROR;
				CLANG_WARN_DOCUMENTATION_COMMENTS = YES;
				CLANG_WARN_EMPTY_BODY = YES;
				CLANG_WARN_ENUM_CONVERSION = YES;
				CLANG_WARN_INFINITE_RECURSION = YES;
				CLANG_WARN_INT_CONVERSION = YES;
				CLANG_WARN_NON_LITERAL_NULL_CONVERSION = YES;
				CLANG_WARN_OBJC_IMPLICIT_RETAIN_SELF = YES;
				CLANG_WARN_OBJC_LITERAL_CONVERSION = YES;
				CLANG_WARN_OBJC_ROOT_CLASS = YES_ERROR;
				CLANG_WARN_RANGE_LOOP_ANALYSIS = YES;
				CLANG_WARN_STRICT_PROTOTYPES = YES;
				CLANG_WARN_SUSPICIOUS_MOVE = YES;
				CLANG_WARN_UNGUARDED_AVAILABILITY = YES_AGGRESSIVE;
				CLANG_WARN_UNREACHABLE_CODE = YES;
				CLANG_WARN__DUPLICATE_METHOD_MATCH = YES;
				COPY_PHASE_STRIP = NO;
				DEBUG_INFORMATION_FORMAT = dwarf;
				ENABLE_STRICT_OBJC_MSGSEND = YES;
				ENABLE_TESTABILITY = YES;
				GCC_C_LANGUAGE_STANDARD = gnu11;
				GCC_DYNAMIC_NO_PIC = NO;
				GCC_NO_COMMON_BLOCKS = YES;
				GCC_OPTIMIZATION_LEVEL = 0;
				GCC_PREPROCESSOR_DEFINITIONS = (
					"DEBUG=1",
					"$(inherited)",
				);
				GCC_WARN_64_TO_32_BIT_CONVERSION = YES;
				GCC_WARN_ABOUT_RETURN_TYPE = YES_ERROR;
				GCC_WARN_UNDECLARED_SELECTOR = YES;
				GCC_WARN_UNINITIALIZED_AUTOS = YES_AGGRESSIVE;
				GCC_WARN_UNUSED_FUNCTION = YES;
				GCC_WARN_UNUSED_VARIABLE = YES;
				MACOSX_DEPLOYMENT_TARGET = 10.15;
				MTL_ENABLE_DEBUG_INFO = INCLUDE_SOURCE;
				MTL_FAST_MATH = YES;
				ONLY_ACTIVE_ARCH = YES;
				SDKROOT = macosx;
				SWIFT_ACTIVE_COMPILATION_CONDITIONS = DEBUG;
				SWIFT_OPTIMIZATION_LEVEL = "-Onone";
			};
			name = Debug;
		};
		A3709FF622DFE5690097FFAD /* Release */ = {
			isa = XCBuildConfiguration;
			buildSettings = {
				ALWAYS_SEARCH_USER_PATHS = NO;
				CLANG_ANALYZER_NONNULL = YES;
				CLANG_ANALYZER_NUMBER_OBJECT_CONVERSION = YES_AGGRESSIVE;
				CLANG_CXX_LANGUAGE_STANDARD = "gnu++14";
				CLANG_CXX_LIBRARY = "libc++";
				CLANG_ENABLE_MODULES = YES;
				CLANG_ENABLE_OBJC_ARC = YES;
				CLANG_ENABLE_OBJC_WEAK = YES;
				CLANG_WARN_BLOCK_CAPTURE_AUTORELEASING = YES;
				CLANG_WARN_BOOL_CONVERSION = YES;
				CLANG_WARN_COMMA = YES;
				CLANG_WARN_CONSTANT_CONVERSION = YES;
				CLANG_WARN_DEPRECATED_OBJC_IMPLEMENTATIONS = YES;
				CLANG_WARN_DIRECT_OBJC_ISA_USAGE = YES_ERROR;
				CLANG_WARN_DOCUMENTATION_COMMENTS = YES;
				CLANG_WARN_EMPTY_BODY = YES;
				CLANG_WARN_ENUM_CONVERSION = YES;
				CLANG_WARN_INFINITE_RECURSION = YES;
				CLANG_WARN_INT_CONVERSION = YES;
				CLANG_WARN_NON_LITERAL_NULL_CONVERSION = YES;
				CLANG_WARN_OBJC_IMPLICIT_RETAIN_SELF = YES;
				CLANG_WARN_OBJC_LITERAL_CONVERSION = YES;
				CLANG_WARN_OBJC_ROOT_CLASS = YES_ERROR;
				CLANG_WARN_RANGE_LOOP_ANALYSIS = YES;
				CLANG_WARN_STRICT_PROTOTYPES = YES;
				CLANG_WARN_SUSPICIOUS_MOVE = YES;
				CLANG_WARN_UNGUARDED_AVAILABILITY = YES_AGGRESSIVE;
				CLANG_WARN_UNREACHABLE_CODE = YES;
				CLANG_WARN__DUPLICATE_METHOD_MATCH = YES;
				COPY_PHASE_STRIP = NO;
				DEBUG_INFORMATION_FORMAT = "dwarf-with-dsym";
				ENABLE_NS_ASSERTIONS = NO;
				ENABLE_STRICT_OBJC_MSGSEND = YES;
				GCC_C_LANGUAGE_STANDARD = gnu11;
				GCC_NO_COMMON_BLOCKS = YES;
				GCC_WARN_64_TO_32_BIT_CONVERSION = YES;
				GCC_WARN_ABOUT_RETURN_TYPE = YES_ERROR;
				GCC_WARN_UNDECLARED_SELECTOR = YES;
				GCC_WARN_UNINITIALIZED_AUTOS = YES_AGGRESSIVE;
				GCC_WARN_UNUSED_FUNCTION = YES;
				GCC_WARN_UNUSED_VARIABLE = YES;
				MACOSX_DEPLOYMENT_TARGET = 10.15;
				MTL_ENABLE_DEBUG_INFO = NO;
				MTL_FAST_MATH = YES;
				SDKROOT = macosx;
				SWIFT_COMPILATION_MODE = wholemodule;
				SWIFT_OPTIMIZATION_LEVEL = "-O";
			};
			name = Release;
		};
		A3709FF822DFE5690097FFAD /* Debug */ = {
			isa = XCBuildConfiguration;
			buildSettings = {
				ALWAYS_EMBED_SWIFT_STANDARD_LIBRARIES = YES;
				ASSETCATALOG_COMPILER_APPICON_NAME = AppIcon;
				CODE_SIGN_ENTITLEMENTS = Janitor/Janitor.entitlements;
				CODE_SIGN_STYLE = Automatic;
				COMBINE_HIDPI_IMAGES = YES;
				CURRENT_PROJECT_VERSION = 0;
				DEVELOPMENT_ASSET_PATHS = "Janitor/Preview\\ Content";
				DEVELOPMENT_TEAM = 26V9MK8TGP;
				ENABLE_PREVIEWS = YES;
				INFOPLIST_FILE = Janitor/Info.plist;
				LD_RUNPATH_SEARCH_PATHS = (
					"$(inherited)",
					"@executable_path/../Frameworks",
				);
				MARKETING_VERSION = "0.0.0-lambda.1";
				PRODUCT_BUNDLE_IDENTIFIER = me.benleggiero.Janitor;
				PRODUCT_NAME = "$(TARGET_NAME)";
				SWIFT_VERSION = 5.0;
			};
			name = Debug;
		};
		A3709FF922DFE5690097FFAD /* Release */ = {
			isa = XCBuildConfiguration;
			buildSettings = {
				ALWAYS_EMBED_SWIFT_STANDARD_LIBRARIES = YES;
				ASSETCATALOG_COMPILER_APPICON_NAME = AppIcon;
				CODE_SIGN_ENTITLEMENTS = Janitor/Janitor.entitlements;
				CODE_SIGN_STYLE = Automatic;
				COMBINE_HIDPI_IMAGES = YES;
				CURRENT_PROJECT_VERSION = 0;
				DEVELOPMENT_ASSET_PATHS = "Janitor/Preview\\ Content";
				DEVELOPMENT_TEAM = 26V9MK8TGP;
				ENABLE_PREVIEWS = YES;
				INFOPLIST_FILE = Janitor/Info.plist;
				LD_RUNPATH_SEARCH_PATHS = (
					"$(inherited)",
					"@executable_path/../Frameworks",
				);
				MARKETING_VERSION = "0.0.0-lambda.1";
				PRODUCT_BUNDLE_IDENTIFIER = me.benleggiero.Janitor;
				PRODUCT_NAME = "$(TARGET_NAME)";
				SWIFT_VERSION = 5.0;
			};
			name = Release;
		};
		A3709FFB22DFE5690097FFAD /* Debug */ = {
			isa = XCBuildConfiguration;
			buildSettings = {
				ALWAYS_EMBED_SWIFT_STANDARD_LIBRARIES = YES;
				BUNDLE_LOADER = "$(TEST_HOST)";
				CODE_SIGN_STYLE = Automatic;
				COMBINE_HIDPI_IMAGES = YES;
				INFOPLIST_FILE = JanitorTests/Info.plist;
				LD_RUNPATH_SEARCH_PATHS = (
					"$(inherited)",
					"@executable_path/../Frameworks",
					"@loader_path/../Frameworks",
				);
				PRODUCT_BUNDLE_IDENTIFIER = me.benleggiero.JanitorTests;
				PRODUCT_NAME = "$(TARGET_NAME)";
				SWIFT_VERSION = 5.0;
				TEST_HOST = "$(BUILT_PRODUCTS_DIR)/Janitor.app/Contents/MacOS/Janitor";
			};
			name = Debug;
		};
		A3709FFC22DFE5690097FFAD /* Release */ = {
			isa = XCBuildConfiguration;
			buildSettings = {
				ALWAYS_EMBED_SWIFT_STANDARD_LIBRARIES = YES;
				BUNDLE_LOADER = "$(TEST_HOST)";
				CODE_SIGN_STYLE = Automatic;
				COMBINE_HIDPI_IMAGES = YES;
				INFOPLIST_FILE = JanitorTests/Info.plist;
				LD_RUNPATH_SEARCH_PATHS = (
					"$(inherited)",
					"@executable_path/../Frameworks",
					"@loader_path/../Frameworks",
				);
				PRODUCT_BUNDLE_IDENTIFIER = me.benleggiero.JanitorTests;
				PRODUCT_NAME = "$(TARGET_NAME)";
				SWIFT_VERSION = 5.0;
				TEST_HOST = "$(BUILT_PRODUCTS_DIR)/Janitor.app/Contents/MacOS/Janitor";
			};
			name = Release;
		};
		A3709FFE22DFE5690097FFAD /* Debug */ = {
			isa = XCBuildConfiguration;
			buildSettings = {
				ALWAYS_EMBED_SWIFT_STANDARD_LIBRARIES = YES;
				CODE_SIGN_STYLE = Automatic;
				COMBINE_HIDPI_IMAGES = YES;
				INFOPLIST_FILE = JanitorUITests/Info.plist;
				LD_RUNPATH_SEARCH_PATHS = (
					"$(inherited)",
					"@executable_path/../Frameworks",
					"@loader_path/../Frameworks",
				);
				PRODUCT_BUNDLE_IDENTIFIER = me.benleggiero.JanitorUITests;
				PRODUCT_NAME = "$(TARGET_NAME)";
				SWIFT_VERSION = 5.0;
				TEST_TARGET_NAME = Janitor;
			};
			name = Debug;
		};
		A3709FFF22DFE5690097FFAD /* Release */ = {
			isa = XCBuildConfiguration;
			buildSettings = {
				ALWAYS_EMBED_SWIFT_STANDARD_LIBRARIES = YES;
				CODE_SIGN_STYLE = Automatic;
				COMBINE_HIDPI_IMAGES = YES;
				INFOPLIST_FILE = JanitorUITests/Info.plist;
				LD_RUNPATH_SEARCH_PATHS = (
					"$(inherited)",
					"@executable_path/../Frameworks",
					"@loader_path/../Frameworks",
				);
				PRODUCT_BUNDLE_IDENTIFIER = me.benleggiero.JanitorUITests;
				PRODUCT_NAME = "$(TARGET_NAME)";
				SWIFT_VERSION = 5.0;
				TEST_TARGET_NAME = Janitor;
			};
			name = Release;
		};
		A370A00E22DFE6800097FFAD /* Debug */ = {
			isa = XCBuildConfiguration;
			buildSettings = {
				CODE_SIGN_ENTITLEMENTS = "Janitor Finder Extensions/Janitor_Finder_Extensions.entitlements";
				CODE_SIGN_STYLE = Automatic;
				COMBINE_HIDPI_IMAGES = YES;
				DEVELOPMENT_TEAM = 26V9MK8TGP;
				ENABLE_HARDENED_RUNTIME = YES;
				INFOPLIST_FILE = "Janitor Finder Extensions/Info.plist";
				LD_RUNPATH_SEARCH_PATHS = (
					"$(inherited)",
					"@executable_path/../Frameworks",
					"@executable_path/../../../../Frameworks",
				);
				PRODUCT_BUNDLE_IDENTIFIER = "me.benleggiero.Janitor.Janitor-Finder-Extensions";
				PRODUCT_NAME = "$(TARGET_NAME)";
				SKIP_INSTALL = YES;
				SWIFT_VERSION = 5.0;
			};
			name = Debug;
		};
		A370A00F22DFE6800097FFAD /* Release */ = {
			isa = XCBuildConfiguration;
			buildSettings = {
				CODE_SIGN_ENTITLEMENTS = "Janitor Finder Extensions/Janitor_Finder_Extensions.entitlements";
				CODE_SIGN_STYLE = Automatic;
				COMBINE_HIDPI_IMAGES = YES;
				DEVELOPMENT_TEAM = 26V9MK8TGP;
				ENABLE_HARDENED_RUNTIME = YES;
				INFOPLIST_FILE = "Janitor Finder Extensions/Info.plist";
				LD_RUNPATH_SEARCH_PATHS = (
					"$(inherited)",
					"@executable_path/../Frameworks",
					"@executable_path/../../../../Frameworks",
				);
				PRODUCT_BUNDLE_IDENTIFIER = "me.benleggiero.Janitor.Janitor-Finder-Extensions";
				PRODUCT_NAME = "$(TARGET_NAME)";
				SKIP_INSTALL = YES;
				SWIFT_VERSION = 5.0;
			};
			name = Release;
		};
/* End XCBuildConfiguration section */

/* Begin XCConfigurationList section */
		A3709FC922DFE5660097FFAD /* Build configuration list for PBXProject "Janitor" */ = {
			isa = XCConfigurationList;
			buildConfigurations = (
				A3709FF522DFE5690097FFAD /* Debug */,
				A3709FF622DFE5690097FFAD /* Release */,
			);
			defaultConfigurationIsVisible = 0;
			defaultConfigurationName = Release;
		};
		A3709FF722DFE5690097FFAD /* Build configuration list for PBXNativeTarget "Janitor" */ = {
			isa = XCConfigurationList;
			buildConfigurations = (
				A3709FF822DFE5690097FFAD /* Debug */,
				A3709FF922DFE5690097FFAD /* Release */,
			);
			defaultConfigurationIsVisible = 0;
			defaultConfigurationName = Release;
		};
		A3709FFA22DFE5690097FFAD /* Build configuration list for PBXNativeTarget "JanitorTests" */ = {
			isa = XCConfigurationList;
			buildConfigurations = (
				A3709FFB22DFE5690097FFAD /* Debug */,
				A3709FFC22DFE5690097FFAD /* Release */,
			);
			defaultConfigurationIsVisible = 0;
			defaultConfigurationName = Release;
		};
		A3709FFD22DFE5690097FFAD /* Build configuration list for PBXNativeTarget "JanitorUITests" */ = {
			isa = XCConfigurationList;
			buildConfigurations = (
				A3709FFE22DFE5690097FFAD /* Debug */,
				A3709FFF22DFE5690097FFAD /* Release */,
			);
			defaultConfigurationIsVisible = 0;
			defaultConfigurationName = Release;
		};
		A370A00D22DFE6800097FFAD /* Build configuration list for PBXNativeTarget "Janitor Finder Extensions" */ = {
			isa = XCConfigurationList;
			buildConfigurations = (
				A370A00E22DFE6800097FFAD /* Debug */,
				A370A00F22DFE6800097FFAD /* Release */,
			);
			defaultConfigurationIsVisible = 0;
			defaultConfigurationName = Release;
		};
/* End XCConfigurationList section */
	};
	rootObject = A3709FC622DFE5660097FFAD /* Project object */;
}
