{
  "object": {
    "pins": [
      {
        "package": "JanitorKit",
        "repositoryURL": "https://github.com/BenLeggiero/JanitorKit.git",
        "state": {
          "branch": "feature/MVP-Package",
          "revision": "d8e2dcfbbeeb781683c1644cbd4e9e87a0c77c0f",
          "version": null
        }
      },
      {
        "package": "FunctionTools",
        "repositoryURL": "https://github.com/RougeWare/Swift-Function-Tools",
        "state": {
          "branch": null,
          "revision": "0bd76ca2c00120acf7ff840b5dcc1e700870ae22",
          "version": "1.2.3"
        }
      },
      {
        "package": "PropertyWrapperProtocol",
        "repositoryURL": "https://github.com/RougeWare/Swift-PropertyWrapper-Protocol.git",
        "state": {
          "branch": null,
          "revision": "f81b486ef9f40c2d678a0b0b56d7ae43daf522cc",
          "version": "2.0.0"
        }
      },
      {
        "package": "SimpleLogging",
        "repositoryURL": "https://github.com/RougeWare/Swift-Simple-Logging.git",
        "state": {
          "branch": null,
          "revision": "ac1c85ab2d633db51b6fb00606139310a152a65b",
          "version": "0.4.4"
        }
      }
    ]
  },
  "version": 1
}
